{
  "name": "fitness-trainer-app",
  "version": "0.1.0",
  "lockfileVersion": 3,
  "requires": true,
  "packages": {
    "": {
      "name": "fitness-trainer-app",
      "version": "0.1.0",
      "license": "MIT",
      "workspaces": [
        "apps/*",
        "packages/*"
      ],
      "engines": {
        "node": ">=20",
        "npm": ">=10"
      }
    },
    "apps/api": {
      "name": "@fitness-trainer/api",
      "version": "0.1.0",
      "devDependencies": {}
    },
    "apps/web": {
      "name": "@fitness-trainer/web",
      "version": "0.1.0",
      "devDependencies": {}
    },
    "node_modules/@fitness-trainer/api": {
      "resolved": "apps/api",
      "link": true
    },
    "node_modules/@fitness-trainer/shared": {
      "resolved": "packages/shared",
      "link": true
    },
    "node_modules/@fitness-trainer/web": {
      "resolved": "apps/web",
      "link": true
    },
    "packages/shared": {
      "name": "@fitness-trainer/shared",
      "version": "0.1.0",
      "devDependencies": {}
    }
  }
}
